
Microsoft Visual Studio Solution File, Format Version 12.00
# Visual Studio Version 17
VisualStudioVersion = 17.8.34316.72
MinimumVisualStudioVersion = 10.0.40219.1
Project("{9A19103F-16F7-4668-BE54-9A1E7A4F7556}") = "B.MaskedTimers", "B.MaskedTimers\B.MaskedTimers.csproj", "{3541DACD-E284-43FD-86A6-E551CC888384}"
EndProject
Project("{FAE04EC0-301F-11D3-BF4B-00C04F79EFBC}") = "B.MaskedTimers.Tests", "B.MaskedTimers.Tests\B.MaskedTimers.Tests.csproj", "{D9EED45B-CF5E-45E3-8497-3BD7FE4D0A6B}"
EndProject
Global
	GlobalSection(SolutionConfigurationPlatforms) = preSolution
		Debug|Any CPU = Debug|Any CPU
		Release|Any CPU = Release|Any CPU
	EndGlobalSection
	GlobalSection(ProjectConfigurationPlatforms) = postSolution
		{3541DACD-E284-43FD-86A6-E551CC888384}.Debug|Any CPU.ActiveCfg = Debug|Any CPU
		{3541DACD-E284-43FD-86A6-E551CC888384}.Debug|Any CPU.Build.0 = Debug|Any CPU
		{3541DACD-E284-43FD-86A6-E551CC888384}.Release|Any CPU.ActiveCfg = Release|Any CPU
		{3541DACD-E284-43FD-86A6-E551CC888384}.Release|Any CPU.Build.0 = Release|Any CPU
		{D9EED45B-CF5E-45E3-8497-3BD7FE4D0A6B}.Debug|Any CPU.ActiveCfg = Debug|Any CPU
		{D9EED45B-CF5E-45E3-8497-3BD7FE4D0A6B}.Debug|Any CPU.Build.0 = Debug|Any CPU
		{D9EED45B-CF5E-45E3-8497-3BD7FE4D0A6B}.Release|Any CPU.ActiveCfg = Release|Any CPU
		{D9EED45B-CF5E-45E3-8497-3BD7FE4D0A6B}.Release|Any CPU.Build.0 = Release|Any CPU
	EndGlobalSection
	GlobalSection(SolutionProperties) = preSolution
		HideSolutionNode = FALSE
	EndGlobalSection
	GlobalSection(ExtensibilityGlobals) = postSolution
		SolutionGuid = {1A0A0D2B-9E91-49D8-8A6A-1BFB08D919E2}
	EndGlobalSection
EndGlobal
